
Microsoft Visual Studio Solution File, Format Version 12.00
# Visual Studio Version 17
VisualStudioVersion = 17.4.33213.308
MinimumVisualStudioVersion = 10.0.40219.1
Project("{2150E333-8FDC-42A3-9474-1A3956D46DE8}") = "Introduction", "Introduction", "{C332E848-C434-4C35-A492-6F5EBF62D9A0}"
EndProject
Project("{2150E333-8FDC-42A3-9474-1A3956D46DE8}") = "Singleton", "Singleton", "{8EF91FE8-861B-4876-9088-8F4C29B75DD5}"
EndProject
Project("{9A19103F-16F7-4668-BE54-9A1E7A4F7556}") = "IntroductionDesignPatterns", "Introduction\IntroductionDesignPatterns\IntroductionDesignPatterns.csproj", "{E9A92437-643F-4FE8-A0FE-5B0D2536F84B}"
EndProject
Project("{9A19103F-16F7-4668-BE54-9A1E7A4F7556}") = "Interfaces", "Introduction\Interfaces\Interfaces.csproj", "{DA5809FB-DDFD-4732-85D7-5863EB57B2C2}"
EndProject
Project("{9A19103F-16F7-4668-BE54-9A1E7A4F7556}") = "SingletonTheory", "Singleton\SinglentonTheory\SingletonTheory.csproj", "{015A01C5-B969-4EDB-B974-68465F2ABD9F}"
EndProject
Project("{2150E333-8FDC-42A3-9474-1A3956D46DE8}") = "Tools", "Tools", "{96DE2F21-16FF-4146-95B5-D9A1AC10899F}"
EndProject
Project("{9A19103F-16F7-4668-BE54-9A1E7A4F7556}") = "Tools", "Tools\Tools\Tools.csproj", "{53DEF3E5-A18D-488F-97FE-153641CC98F9}"
EndProject
Project("{2150E333-8FDC-42A3-9474-1A3956D46DE8}") = "Factory", "Factory", "{E0BD9985-5695-4445-9955-159E2193DFCB}"
EndProject
Project("{9A19103F-16F7-4668-BE54-9A1E7A4F7556}") = "Factory", "Factory\Factory\Factory.csproj", "{CA6E7160-8E3D-4B8E-BF10-7C673F588BE6}"
EndProject
Project("{FAE04EC0-301F-11D3-BF4B-00C04F79EFBC}") = "DesingPatternsASP", "DesingPatternsASP\DesingPatternsASP.csproj", "{B9EA7F4A-EC4C-499B-B159-39E10E0DA2CD}"
EndProject
Global
	GlobalSection(SolutionConfigurationPlatforms) = preSolution
		Debug|Any CPU = Debug|Any CPU
		Release|Any CPU = Release|Any CPU
	EndGlobalSection
	GlobalSection(ProjectConfigurationPlatforms) = postSolution
		{E9A92437-643F-4FE8-A0FE-5B0D2536F84B}.Debug|Any CPU.ActiveCfg = Debug|Any CPU
		{E9A92437-643F-4FE8-A0FE-5B0D2536F84B}.Debug|Any CPU.Build.0 = Debug|Any CPU
		{E9A92437-643F-4FE8-A0FE-5B0D2536F84B}.Release|Any CPU.ActiveCfg = Release|Any CPU
		{E9A92437-643F-4FE8-A0FE-5B0D2536F84B}.Release|Any CPU.Build.0 = Release|Any CPU
		{DA5809FB-DDFD-4732-85D7-5863EB57B2C2}.Debug|Any CPU.ActiveCfg = Debug|Any CPU
		{DA5809FB-DDFD-4732-85D7-5863EB57B2C2}.Debug|Any CPU.Build.0 = Debug|Any CPU
		{DA5809FB-DDFD-4732-85D7-5863EB57B2C2}.Release|Any CPU.ActiveCfg = Release|Any CPU
		{DA5809FB-DDFD-4732-85D7-5863EB57B2C2}.Release|Any CPU.Build.0 = Release|Any CPU
		{015A01C5-B969-4EDB-B974-68465F2ABD9F}.Debug|Any CPU.ActiveCfg = Debug|Any CPU
		{015A01C5-B969-4EDB-B974-68465F2ABD9F}.Debug|Any CPU.Build.0 = Debug|Any CPU
		{015A01C5-B969-4EDB-B974-68465F2ABD9F}.Release|Any CPU.ActiveCfg = Release|Any CPU
		{015A01C5-B969-4EDB-B974-68465F2ABD9F}.Release|Any CPU.Build.0 = Release|Any CPU
		{53DEF3E5-A18D-488F-97FE-153641CC98F9}.Debug|Any CPU.ActiveCfg = Debug|Any CPU
		{53DEF3E5-A18D-488F-97FE-153641CC98F9}.Debug|Any CPU.Build.0 = Debug|Any CPU
		{53DEF3E5-A18D-488F-97FE-153641CC98F9}.Release|Any CPU.ActiveCfg = Release|Any CPU
		{53DEF3E5-A18D-488F-97FE-153641CC98F9}.Release|Any CPU.Build.0 = Release|Any CPU
		{CA6E7160-8E3D-4B8E-BF10-7C673F588BE6}.Debug|Any CPU.ActiveCfg = Debug|Any CPU
		{CA6E7160-8E3D-4B8E-BF10-7C673F588BE6}.Debug|Any CPU.Build.0 = Debug|Any CPU
		{CA6E7160-8E3D-4B8E-BF10-7C673F588BE6}.Release|Any CPU.ActiveCfg = Release|Any CPU
		{CA6E7160-8E3D-4B8E-BF10-7C673F588BE6}.Release|Any CPU.Build.0 = Release|Any CPU
		{B9EA7F4A-EC4C-499B-B159-39E10E0DA2CD}.Debug|Any CPU.ActiveCfg = Debug|Any CPU
		{B9EA7F4A-EC4C-499B-B159-39E10E0DA2CD}.Debug|Any CPU.Build.0 = Debug|Any CPU
		{B9EA7F4A-EC4C-499B-B159-39E10E0DA2CD}.Release|Any CPU.ActiveCfg = Release|Any CPU
		{B9EA7F4A-EC4C-499B-B159-39E10E0DA2CD}.Release|Any CPU.Build.0 = Release|Any CPU
	EndGlobalSection
	GlobalSection(SolutionProperties) = preSolution
		HideSolutionNode = FALSE
	EndGlobalSection
	GlobalSection(NestedProjects) = preSolution
		{E9A92437-643F-4FE8-A0FE-5B0D2536F84B} = {C332E848-C434-4C35-A492-6F5EBF62D9A0}
		{DA5809FB-DDFD-4732-85D7-5863EB57B2C2} = {C332E848-C434-4C35-A492-6F5EBF62D9A0}
		{015A01C5-B969-4EDB-B974-68465F2ABD9F} = {8EF91FE8-861B-4876-9088-8F4C29B75DD5}
		{53DEF3E5-A18D-488F-97FE-153641CC98F9} = {96DE2F21-16FF-4146-95B5-D9A1AC10899F}
		{CA6E7160-8E3D-4B8E-BF10-7C673F588BE6} = {E0BD9985-5695-4445-9955-159E2193DFCB}
	EndGlobalSection
	GlobalSection(ExtensibilityGlobals) = postSolution
		SolutionGuid = {8D7D52FF-4389-44D4-B65A-4AF205EAEA08}
	EndGlobalSection
EndGlobal
