
Microsoft Visual Studio Solution File, Format Version 12.00
# Visual Studio Version 17
VisualStudioVersion = 17.4.33213.308
MinimumVisualStudioVersion = 10.0.40219.1
Project("{2150E333-8FDC-42A3-9474-1A3956D46DE8}") = "Introduction", "Introduction", "{C332E848-C434-4C35-A492-6F5EBF62D9A0}"
EndProject
Project("{2150E333-8FDC-42A3-9474-1A3956D46DE8}") = "Singleton", "Singleton", "{8EF91FE8-861B-4876-9088-8F4C29B75DD5}"
EndProject
Project("{9A19103F-16F7-4668-BE54-9A1E7A4F7556}") = "IntroductionDesignPatterns", "Introduction\IntroductionDesignPatterns\IntroductionDesignPatterns.csproj", "{E9A92437-643F-4FE8-A0FE-5B0D2536F84B}"
EndProject
Project("{9A19103F-16F7-4668-BE54-9A1E7A4F7556}") = "Interfaces", "Introduction\Interfaces\Interfaces.csproj", "{DA5809FB-DDFD-4732-85D7-5863EB57B2C2}"
EndProject
Project("{9A19103F-16F7-4668-BE54-9A1E7A4F7556}") = "SingletonTheory", "Singleton\SinglentonTheory\SingletonTheory.csproj", "{015A01C5-B969-4EDB-B974-68465F2ABD9F}"
EndProject
Project("{2150E333-8FDC-42A3-9474-1A3956D46DE8}") = "Tools", "Tools", "{96DE2F21-16FF-4146-95B5-D9A1AC10899F}"
EndProject
Project("{9A19103F-16F7-4668-BE54-9A1E7A4F7556}") = "Tools", "Tools\Tools\Tools.csproj", "{53DEF3E5-A18D-488F-97FE-153641CC98F9}"
EndProject
Project("{2150E333-8FDC-42A3-9474-1A3956D46DE8}") = "Factory", "Factory", "{E0BD9985-5695-4445-9955-159E2193DFCB}"
EndProject
Project("{9A19103F-16F7-4668-BE54-9A1E7A4F7556}") = "Factory", "Factory\Factory\Factory.csproj", "{CA6E7160-8E3D-4B8E-BF10-7C673F588BE6}"
EndProject
Project("{9A19103F-16F7-4668-BE54-9A1E7A4F7556}") = "DesingPatternsASP", "DesingPatternsASP\DesingPatternsASP.csproj", "{B9EA7F4A-EC4C-499B-B159-39E10E0DA2CD}"
EndProject
Project("{2150E333-8FDC-42A3-9474-1A3956D46DE8}") = "DependencyInjection", "DependencyInjection", "{6CF9F959-4F82-40A9-9731-8C85E5610D44}"
EndProject
Project("{9A19103F-16F7-4668-BE54-9A1E7A4F7556}") = "DependencyInjection", "DependencyInjection\DependencyInjection\DependencyInjection.csproj", "{08AB1939-BCC9-49F6-9762-F1AD851E4616}"
EndProject
Project("{2150E333-8FDC-42A3-9474-1A3956D46DE8}") = "Repository", "Repository", "{B9271D34-5E67-4FA0-800C-E0EE5A937D6F}"
EndProject
Project("{9A19103F-16F7-4668-BE54-9A1E7A4F7556}") = "Repository", "Repository\Repository\Repository.csproj", "{61E4B737-19AE-430C-A438-72C4BED92B00}"
EndProject
Project("{9A19103F-16F7-4668-BE54-9A1E7A4F7556}") = "DesignPatterns.Models", "DesignPatterns.Models\DesignPatterns.Models.csproj", "{98BE5AD6-4BB7-460B-B967-2A21EF43243E}"
EndProject
Project("{9A19103F-16F7-4668-BE54-9A1E7A4F7556}") = "DesignPatterns.Repository", "DesignPatterns.Repository\DesignPatterns.Repository.csproj", "{6D706128-A49E-4D9C-9BF7-F57976410EE7}"
EndProject
Project("{2150E333-8FDC-42A3-9474-1A3956D46DE8}") = "Unit Of Work", "Unit Of Work", "{B991F3D8-83D2-4B73-8F47-2CE47F11B80A}"
EndProject
Project("{9A19103F-16F7-4668-BE54-9A1E7A4F7556}") = "UnitOfWorkPattern", "UnitOfWork\UnitOfWork\UnitOfWorkPattern.csproj", "{5FE90C1E-D96F-4197-B96B-677673908184}"
EndProject
Project("{2150E333-8FDC-42A3-9474-1A3956D46DE8}") = "Strategy", "Strategy", "{F2E50C25-4907-429F-BABF-765945C4B24D}"
EndProject
Project("{9A19103F-16F7-4668-BE54-9A1E7A4F7556}") = "StrategyPattern", "Strategy\StrategyPattern\StrategyPattern.csproj", "{75A88DE6-5108-48F7-A1A5-DA0217A785EC}"
EndProject
Project("{2150E333-8FDC-42A3-9474-1A3956D46DE8}") = "Builder", "Builder", "{9670EFB2-CD0D-4A1A-A41C-A455DF635E5E}"
EndProject
Project("{FAE04EC0-301F-11D3-BF4B-00C04F79EFBC}") = "BuilderPattern", "Builder\BuilderPattern\BuilderPattern.csproj", "{BBEED311-1BB3-4476-B436-69202FEAC472}"
EndProject
Global
	GlobalSection(SolutionConfigurationPlatforms) = preSolution
		Debug|Any CPU = Debug|Any CPU
		Release|Any CPU = Release|Any CPU
	EndGlobalSection
	GlobalSection(ProjectConfigurationPlatforms) = postSolution
		{E9A92437-643F-4FE8-A0FE-5B0D2536F84B}.Debug|Any CPU.ActiveCfg = Debug|Any CPU
		{E9A92437-643F-4FE8-A0FE-5B0D2536F84B}.Debug|Any CPU.Build.0 = Debug|Any CPU
		{E9A92437-643F-4FE8-A0FE-5B0D2536F84B}.Release|Any CPU.ActiveCfg = Release|Any CPU
		{E9A92437-643F-4FE8-A0FE-5B0D2536F84B}.Release|Any CPU.Build.0 = Release|Any CPU
		{DA5809FB-DDFD-4732-85D7-5863EB57B2C2}.Debug|Any CPU.ActiveCfg = Debug|Any CPU
		{DA5809FB-DDFD-4732-85D7-5863EB57B2C2}.Debug|Any CPU.Build.0 = Debug|Any CPU
		{DA5809FB-DDFD-4732-85D7-5863EB57B2C2}.Release|Any CPU.ActiveCfg = Release|Any CPU
		{DA5809FB-DDFD-4732-85D7-5863EB57B2C2}.Release|Any CPU.Build.0 = Release|Any CPU
		{015A01C5-B969-4EDB-B974-68465F2ABD9F}.Debug|Any CPU.ActiveCfg = Debug|Any CPU
		{015A01C5-B969-4EDB-B974-68465F2ABD9F}.Debug|Any CPU.Build.0 = Debug|Any CPU
		{015A01C5-B969-4EDB-B974-68465F2ABD9F}.Release|Any CPU.ActiveCfg = Release|Any CPU
		{015A01C5-B969-4EDB-B974-68465F2ABD9F}.Release|Any CPU.Build.0 = Release|Any CPU
		{53DEF3E5-A18D-488F-97FE-153641CC98F9}.Debug|Any CPU.ActiveCfg = Debug|Any CPU
		{53DEF3E5-A18D-488F-97FE-153641CC98F9}.Debug|Any CPU.Build.0 = Debug|Any CPU
		{53DEF3E5-A18D-488F-97FE-153641CC98F9}.Release|Any CPU.ActiveCfg = Release|Any CPU
		{53DEF3E5-A18D-488F-97FE-153641CC98F9}.Release|Any CPU.Build.0 = Release|Any CPU
		{CA6E7160-8E3D-4B8E-BF10-7C673F588BE6}.Debug|Any CPU.ActiveCfg = Debug|Any CPU
		{CA6E7160-8E3D-4B8E-BF10-7C673F588BE6}.Debug|Any CPU.Build.0 = Debug|Any CPU
		{CA6E7160-8E3D-4B8E-BF10-7C673F588BE6}.Release|Any CPU.ActiveCfg = Release|Any CPU
		{CA6E7160-8E3D-4B8E-BF10-7C673F588BE6}.Release|Any CPU.Build.0 = Release|Any CPU
		{B9EA7F4A-EC4C-499B-B159-39E10E0DA2CD}.Debug|Any CPU.ActiveCfg = Debug|Any CPU
		{B9EA7F4A-EC4C-499B-B159-39E10E0DA2CD}.Debug|Any CPU.Build.0 = Debug|Any CPU
		{B9EA7F4A-EC4C-499B-B159-39E10E0DA2CD}.Release|Any CPU.ActiveCfg = Release|Any CPU
		{B9EA7F4A-EC4C-499B-B159-39E10E0DA2CD}.Release|Any CPU.Build.0 = Release|Any CPU
		{08AB1939-BCC9-49F6-9762-F1AD851E4616}.Debug|Any CPU.ActiveCfg = Debug|Any CPU
		{08AB1939-BCC9-49F6-9762-F1AD851E4616}.Debug|Any CPU.Build.0 = Debug|Any CPU
		{08AB1939-BCC9-49F6-9762-F1AD851E4616}.Release|Any CPU.ActiveCfg = Release|Any CPU
		{08AB1939-BCC9-49F6-9762-F1AD851E4616}.Release|Any CPU.Build.0 = Release|Any CPU
		{61E4B737-19AE-430C-A438-72C4BED92B00}.Debug|Any CPU.ActiveCfg = Debug|Any CPU
		{61E4B737-19AE-430C-A438-72C4BED92B00}.Debug|Any CPU.Build.0 = Debug|Any CPU
		{61E4B737-19AE-430C-A438-72C4BED92B00}.Release|Any CPU.ActiveCfg = Release|Any CPU
		{61E4B737-19AE-430C-A438-72C4BED92B00}.Release|Any CPU.Build.0 = Release|Any CPU
		{98BE5AD6-4BB7-460B-B967-2A21EF43243E}.Debug|Any CPU.ActiveCfg = Debug|Any CPU
		{98BE5AD6-4BB7-460B-B967-2A21EF43243E}.Debug|Any CPU.Build.0 = Debug|Any CPU
		{98BE5AD6-4BB7-460B-B967-2A21EF43243E}.Release|Any CPU.ActiveCfg = Release|Any CPU
		{98BE5AD6-4BB7-460B-B967-2A21EF43243E}.Release|Any CPU.Build.0 = Release|Any CPU
		{6D706128-A49E-4D9C-9BF7-F57976410EE7}.Debug|Any CPU.ActiveCfg = Debug|Any CPU
		{6D706128-A49E-4D9C-9BF7-F57976410EE7}.Debug|Any CPU.Build.0 = Debug|Any CPU
		{6D706128-A49E-4D9C-9BF7-F57976410EE7}.Release|Any CPU.ActiveCfg = Release|Any CPU
		{6D706128-A49E-4D9C-9BF7-F57976410EE7}.Release|Any CPU.Build.0 = Release|Any CPU
		{5FE90C1E-D96F-4197-B96B-677673908184}.Debug|Any CPU.ActiveCfg = Debug|Any CPU
		{5FE90C1E-D96F-4197-B96B-677673908184}.Debug|Any CPU.Build.0 = Debug|Any CPU
		{5FE90C1E-D96F-4197-B96B-677673908184}.Release|Any CPU.ActiveCfg = Release|Any CPU
		{5FE90C1E-D96F-4197-B96B-677673908184}.Release|Any CPU.Build.0 = Release|Any CPU
		{75A88DE6-5108-48F7-A1A5-DA0217A785EC}.Debug|Any CPU.ActiveCfg = Debug|Any CPU
		{75A88DE6-5108-48F7-A1A5-DA0217A785EC}.Debug|Any CPU.Build.0 = Debug|Any CPU
		{75A88DE6-5108-48F7-A1A5-DA0217A785EC}.Release|Any CPU.ActiveCfg = Release|Any CPU
		{75A88DE6-5108-48F7-A1A5-DA0217A785EC}.Release|Any CPU.Build.0 = Release|Any CPU
		{BBEED311-1BB3-4476-B436-69202FEAC472}.Debug|Any CPU.ActiveCfg = Debug|Any CPU
		{BBEED311-1BB3-4476-B436-69202FEAC472}.Debug|Any CPU.Build.0 = Debug|Any CPU
		{BBEED311-1BB3-4476-B436-69202FEAC472}.Release|Any CPU.ActiveCfg = Release|Any CPU
		{BBEED311-1BB3-4476-B436-69202FEAC472}.Release|Any CPU.Build.0 = Release|Any CPU
	EndGlobalSection
	GlobalSection(SolutionProperties) = preSolution
		HideSolutionNode = FALSE
	EndGlobalSection
	GlobalSection(NestedProjects) = preSolution
		{E9A92437-643F-4FE8-A0FE-5B0D2536F84B} = {C332E848-C434-4C35-A492-6F5EBF62D9A0}
		{DA5809FB-DDFD-4732-85D7-5863EB57B2C2} = {C332E848-C434-4C35-A492-6F5EBF62D9A0}
		{015A01C5-B969-4EDB-B974-68465F2ABD9F} = {8EF91FE8-861B-4876-9088-8F4C29B75DD5}
		{53DEF3E5-A18D-488F-97FE-153641CC98F9} = {96DE2F21-16FF-4146-95B5-D9A1AC10899F}
		{CA6E7160-8E3D-4B8E-BF10-7C673F588BE6} = {E0BD9985-5695-4445-9955-159E2193DFCB}
		{08AB1939-BCC9-49F6-9762-F1AD851E4616} = {6CF9F959-4F82-40A9-9731-8C85E5610D44}
		{61E4B737-19AE-430C-A438-72C4BED92B00} = {B9271D34-5E67-4FA0-800C-E0EE5A937D6F}
		{5FE90C1E-D96F-4197-B96B-677673908184} = {B991F3D8-83D2-4B73-8F47-2CE47F11B80A}
		{75A88DE6-5108-48F7-A1A5-DA0217A785EC} = {F2E50C25-4907-429F-BABF-765945C4B24D}
		{BBEED311-1BB3-4476-B436-69202FEAC472} = {9670EFB2-CD0D-4A1A-A41C-A455DF635E5E}
	EndGlobalSection
	GlobalSection(ExtensibilityGlobals) = postSolution
		SolutionGuid = {8D7D52FF-4389-44D4-B65A-4AF205EAEA08}
	EndGlobalSection
EndGlobal
